
Microsoft Visual Studio Solution File, Format Version 12.00
# Visual Studio 15
VisualStudioVersion = 15.0.28307.1000
MinimumVisualStudioVersion = 10.0.40219.1
Project("{FAE04EC0-301F-11D3-BF4B-00C04F79EFBC}") = "KyleMVC", "KyleMVC\KyleMVC.csproj", "{0184CC64-0714-4942-B781-F6125D469B72}"
EndProject
Project("{FAE04EC0-301F-11D3-BF4B-00C04F79EFBC}") = "KyleMVC.Tests", "KyleMVC.Tests\KyleMVC.Tests.csproj", "{43DD7F0E-8D23-466A-9661-424D881FE9BC}"
EndProject
Global
	GlobalSection(SolutionConfigurationPlatforms) = preSolution
		Debug|Any CPU = Debug|Any CPU
		Release|Any CPU = Release|Any CPU
	EndGlobalSection
	GlobalSection(ProjectConfigurationPlatforms) = postSolution
		{0184CC64-0714-4942-B781-F6125D469B72}.Debug|Any CPU.ActiveCfg = Debug|Any CPU
		{0184CC64-0714-4942-B781-F6125D469B72}.Debug|Any CPU.Build.0 = Debug|Any CPU
		{0184CC64-0714-4942-B781-F6125D469B72}.Release|Any CPU.ActiveCfg = Release|Any CPU
		{0184CC64-0714-4942-B781-F6125D469B72}.Release|Any CPU.Build.0 = Release|Any CPU
		{43DD7F0E-8D23-466A-9661-424D881FE9BC}.Debug|Any CPU.ActiveCfg = Debug|Any CPU
		{43DD7F0E-8D23-466A-9661-424D881FE9BC}.Debug|Any CPU.Build.0 = Debug|Any CPU
		{43DD7F0E-8D23-466A-9661-424D881FE9BC}.Release|Any CPU.ActiveCfg = Release|Any CPU
		{43DD7F0E-8D23-466A-9661-424D881FE9BC}.Release|Any CPU.Build.0 = Release|Any CPU
	EndGlobalSection
	GlobalSection(SolutionProperties) = preSolution
		HideSolutionNode = FALSE
	EndGlobalSection
	GlobalSection(ExtensibilityGlobals) = postSolution
		SolutionGuid = {36F6AF11-5E67-4253-B70F-9770AF3060E5}
	EndGlobalSection
EndGlobal
